// !$*UTF8*$!
{
	archiveVersion = 1;
	classes = {
	};
	objectVersion = 46;
	objects = {

/* Begin PBXBuildFile section */
		F7292A4D1D17BA0100A68984 /* main.m in Sources */ = {isa = PBXBuildFile; fileRef = F7292A4C1D17BA0100A68984 /* main.m */; };
		F7292A501D17BA0100A68984 /* AppDelegate.m in Sources */ = {isa = PBXBuildFile; fileRef = F7292A4F1D17BA0100A68984 /* AppDelegate.m */; };
		F7292A531D17BA0100A68984 /* ViewController.m in Sources */ = {isa = PBXBuildFile; fileRef = F7292A521D17BA0100A68984 /* ViewController.m */; };
		F7292A561D17BA0100A68984 /* Main.storyboard in Resources */ = {isa = PBXBuildFile; fileRef = F7292A541D17BA0100A68984 /* Main.storyboard */; };
		F7292A581D17BA0100A68984 /* Assets.xcassets in Resources */ = {isa = PBXBuildFile; fileRef = F7292A571D17BA0100A68984 /* Assets.xcassets */; };
		F7292A5B1D17BA0100A68984 /* LaunchScreen.storyboard in Resources */ = {isa = PBXBuildFile; fileRef = F7292A591D17BA0100A68984 /* LaunchScreen.storyboard */; };
		F7292A641D17BA6E00A68984 /* DatePickerView.m in Sources */ = {isa = PBXBuildFile; fileRef = F7292A631D17BA6E00A68984 /* DatePickerView.m */; };
		F7A7BE6F1D29FFCA001B4AD9 /* CustomPickerView.m in Sources */ = {isa = PBXBuildFile; fileRef = F7A7BE6E1D29FFCA001B4AD9 /* CustomPickerView.m */; };
/* End PBXBuildFile section */

/* Begin PBXFileReference section */
		F7292A481D17BA0000A68984 /* CustomDatePicker.app */ = {isa = PBXFileReference; explicitFileType = wrapper.application; includeInIndex = 0; path = CustomDatePicker.app; sourceTree = BUILT_PRODUCTS_DIR; };
		F7292A4C1D17BA0100A68984 /* main.m */ = {isa = PBXFileReference; lastKnownFileType = sourcecode.c.objc; path = main.m; sourceTree = "<group>"; };
		F7292A4E1D17BA0100A68984 /* AppDelegate.h */ = {isa = PBXFileReference; lastKnownFileType = sourcecode.c.h; path = AppDelegate.h; sourceTree = "<group>"; };
		F7292A4F1D17BA0100A68984 /* AppDelegate.m */ = {isa = PBXFileReference; lastKnownFileType = sourcecode.c.objc; path = AppDelegate.m; sourceTree = "<group>"; };
		F7292A511D17BA0100A68984 /* ViewController.h */ = {isa = PBXFileReference; lastKnownFileType = sourcecode.c.h; path = ViewController.h; sourceTree = "<group>"; };
		F7292A521D17BA0100A68984 /* ViewController.m */ = {isa = PBXFileReference; lastKnownFileType = sourcecode.c.objc; path = ViewController.m; sourceTree = "<group>"; };
		F7292A551D17BA0100A68984 /* Base */ = {isa = PBXFileReference; lastKnownFileType = file.storyboard; name = Base; path = Base.lproj/Main.storyboard; sourceTree = "<group>"; };
		F7292A571D17BA0100A68984 /* Assets.xcassets */ = {isa = PBXFileReference; lastKnownFileType = folder.assetcatalog; path = Assets.xcassets; sourceTree = "<group>"; };
		F7292A5A1D17BA0100A68984 /* Base */ = {isa = PBXFileReference; lastKnownFileType = file.storyboard; name = Base; path = Base.lproj/LaunchScreen.storyboard; sourceTree = "<group>"; };
		F7292A5C1D17BA0100A68984 /* Info.plist */ = {isa = PBXFileReference; lastKnownFileType = text.plist.xml; path = Info.plist; sourceTree = "<group>"; };
		F7292A621D17BA6E00A68984 /* DatePickerView.h */ = {isa = PBXFileReference; fileEncoding = 4; lastKnownFileType = sourcecode.c.h; path = DatePickerView.h; sourceTree = "<group>"; };
		F7292A631D17BA6E00A68984 /* DatePickerView.m */ = {isa = PBXFileReference; fileEncoding = 4; lastKnownFileType = sourcecode.c.objc; path = DatePickerView.m; sourceTree = "<group>"; };
		F7A7BE6D1D29FFCA001B4AD9 /* CustomPickerView.h */ = {isa = PBXFileReference; fileEncoding = 4; lastKnownFileType = sourcecode.c.h; path = CustomPickerView.h; sourceTree = "<group>"; };
		F7A7BE6E1D29FFCA001B4AD9 /* CustomPickerView.m */ = {isa = PBXFileReference; fileEncoding = 4; lastKnownFileType = sourcecode.c.objc; path = CustomPickerView.m; sourceTree = "<group>"; };
/* End PBXFileReference section */

/* Begin PBXFrameworksBuildPhase section */
		F7292A451D17BA0000A68984 /* Frameworks */ = {
			isa = PBXFrameworksBuildPhase;
			buildActionMask = 2147483647;
			files = (
			);
			runOnlyForDeploymentPostprocessing = 0;
		};
/* End PBXFrameworksBuildPhase section */

/* Begin PBXGroup section */
		F7292A3F1D17BA0000A68984 = {
			isa = PBXGroup;
			children = (
				F7292A4A1D17BA0100A68984 /* CustomDatePicker */,
				F7292A491D17BA0000A68984 /* Products */,
			);
			sourceTree = "<group>";
		};
		F7292A491D17BA0000A68984 /* Products */ = {
			isa = PBXGroup;
			children = (
				F7292A481D17BA0000A68984 /* CustomDatePicker.app */,
			);
			name = Products;
			sourceTree = "<group>";
		};
		F7292A4A1D17BA0100A68984 /* CustomDatePicker */ = {
			isa = PBXGroup;
			children = (
				F7292A4E1D17BA0100A68984 /* AppDelegate.h */,
				F7292A4F1D17BA0100A68984 /* AppDelegate.m */,
				F7A7BE6D1D29FFCA001B4AD9 /* CustomPickerView.h */,
				F7A7BE6E1D29FFCA001B4AD9 /* CustomPickerView.m */,
				F7292A621D17BA6E00A68984 /* DatePickerView.h */,
				F7292A631D17BA6E00A68984 /* DatePickerView.m */,
				F7292A511D17BA0100A68984 /* ViewController.h */,
				F7292A521D17BA0100A68984 /* ViewController.m */,
				F7292A541D17BA0100A68984 /* Main.storyboard */,
				F7292A571D17BA0100A68984 /* Assets.xcassets */,
				F7292A591D17BA0100A68984 /* LaunchScreen.storyboard */,
				F7292A5C1D17BA0100A68984 /* Info.plist */,
				F7292A4B1D17BA0100A68984 /* Supporting Files */,
			);
			path = CustomDatePicker;
			sourceTree = "<group>";
		};
		F7292A4B1D17BA0100A68984 /* Supporting Files */ = {
			isa = PBXGroup;
			children = (
				F7292A4C1D17BA0100A68984 /* main.m */,
			);
			name = "Supporting Files";
			sourceTree = "<group>";
		};
/* End PBXGroup section */

/* Begin PBXNativeTarget section */
		F7292A471D17BA0000A68984 /* CustomDatePicker */ = {
			isa = PBXNativeTarget;
			buildConfigurationList = F7292A5F1D17BA0100A68984 /* Build configuration list for PBXNativeTarget "CustomDatePicker" */;
			buildPhases = (
				F7292A441D17BA0000A68984 /* Sources */,
				F7292A451D17BA0000A68984 /* Frameworks */,
				F7292A461D17BA0000A68984 /* Resources */,
			);
			buildRules = (
			);
			dependencies = (
			);
			name = CustomDatePicker;
			productName = CustomDatePicker;
			productReference = F7292A481D17BA0000A68984 /* CustomDatePicker.app */;
			productType = "com.apple.product-type.application";
		};
/* End PBXNativeTarget section */

/* Begin PBXProject section */
		F7292A401D17BA0000A68984 /* Project object */ = {
			isa = PBXProject;
			attributes = {
				LastUpgradeCheck = 0730;
				ORGANIZATIONNAME = chuanglong;
				TargetAttributes = {
					F7292A471D17BA0000A68984 = {
						CreatedOnToolsVersion = 7.3.1;
					};
				};
			};
			buildConfigurationList = F7292A431D17BA0000A68984 /* Build configuration list for PBXProject "CustomDatePicker" */;
			compatibilityVersion = "Xcode 3.2";
			developmentRegion = English;
			hasScannedForEncodings = 0;
			knownRegions = (
				en,
				Base,
			);
			mainGroup = F7292A3F1D17BA0000A68984;
			productRefGroup = F7292A491D17BA0000A68984 /* Products */;
			projectDirPath = "";
			projectRoot = "";
			targets = (
				F7292A471D17BA0000A68984 /* CustomDatePicker */,
			);
		};
/* End PBXProject section */

/* Begin PBXResourcesBuildPhase section */
		F7292A461D17BA0000A68984 /* Resources */ = {
			isa = PBXResourcesBuildPhase;
			buildActionMask = 2147483647;
			files = (
				F7292A5B1D17BA0100A68984 /* LaunchScreen.storyboard in Resources */,
				F7292A581D17BA0100A68984 /* Assets.xcassets in Resources */,
				F7292A561D17BA0100A68984 /* Main.storyboard in Resources */,
			);
			runOnlyForDeploymentPostprocessing = 0;
		};
/* End PBXResourcesBuildPhase section */

/* Begin PBXSourcesBuildPhase section */
		F7292A441D17BA0000A68984 /* Sources */ = {
			isa = PBXSourcesBuildPhase;
			buildActionMask = 2147483647;
			files = (
				F7A7BE6F1D29FFCA001B4AD9 /* CustomPickerView.m in Sources */,
				F7292A531D17BA0100A68984 /* ViewController.m in Sources */,
				F7292A501D17BA0100A68984 /* AppDelegate.m in Sources */,
				F7292A641D17BA6E00A68984 /* DatePickerView.m in Sources */,
				F7292A4D1D17BA0100A68984 /* main.m in Sources */,
			);
			runOnlyForDeploymentPostprocessing = 0;
		};
/* End PBXSourcesBuildPhase section */

/* Begin PBXVariantGroup section */
		F7292A541D17BA0100A68984 /* Main.storyboard */ = {
			isa = PBXVariantGroup;
			children = (
				F7292A551D17BA0100A68984 /* Base */,
			);
			name = Main.storyboard;
			sourceTree = "<group>";
		};
		F7292A591D17BA0100A68984 /* LaunchScreen.storyboard */ = {
			isa = PBXVariantGroup;
			children = (
				F7292A5A1D17BA0100A68984 /* Base */,
			);
			name = LaunchScreen.storyboard;
			sourceTree = "<group>";
		};
/* End PBXVariantGroup section */

/* Begin XCBuildConfiguration section */
		F7292A5D1D17BA0100A68984 /* Debug */ = {
			isa = XCBuildConfiguration;
			buildSettings = {
				ALWAYS_SEARCH_USER_PATHS = NO;
				CLANG_ANALYZER_NONNULL = YES;
				CLANG_CXX_LANGUAGE_STANDARD = "gnu++0x";
				CLANG_CXX_LIBRARY = "libc++";
				CLANG_ENABLE_MODULES = YES;
				CLANG_ENABLE_OBJC_ARC = YES;
				CLANG_WARN_BOOL_CONVERSION = YES;
				CLANG_WARN_CONSTANT_CONVERSION = YES;
				CLANG_WARN_DIRECT_OBJC_ISA_USAGE = YES_ERROR;
				CLANG_WARN_EMPTY_BODY = YES;
				CLANG_WARN_ENUM_CONVERSION = YES;
				CLANG_WARN_INT_CONVERSION = YES;
				CLANG_WARN_OBJC_ROOT_CLASS = YES_ERROR;
				CLANG_WARN_UNREACHABLE_CODE = YES;
				CLANG_WARN__DUPLICATE_METHOD_MATCH = YES;
				"CODE_SIGN_IDENTITY[sdk=iphoneos*]" = "iPhone Developer";
				COPY_PHASE_STRIP = NO;
				DEBUG_INFORMATION_FORMAT = dwarf;
				ENABLE_STRICT_OBJC_MSGSEND = YES;
				ENABLE_TESTABILITY = YES;
				GCC_C_LANGUAGE_STANDARD = gnu99;
				GCC_DYNAMIC_NO_PIC = NO;
				GCC_NO_COMMON_BLOCKS = YES;
				GCC_OPTIMIZATION_LEVEL = 0;
				GCC_PREPROCESSOR_DEFINITIONS = (
					"DEBUG=1",
					"$(inherited)",
				);
				GCC_WARN_64_TO_32_BIT_CONVERSION = YES;
				GCC_WARN_ABOUT_RETURN_TYPE = YES_ERROR;
				GCC_WARN_UNDECLARED_SELECTOR = YES;
				GCC_WARN_UNINITIALIZED_AUTOS = YES_AGGRESSIVE;
				GCC_WARN_UNUSED_FUNCTION = YES;
				GCC_WARN_UNUSED_VARIABLE = YES;
				IPHONEOS_DEPLOYMENT_TARGET = 9.3;
				MTL_ENABLE_DEBUG_INFO = YES;
				ONLY_ACTIVE_ARCH = YES;
				SDKROOT = iphoneos;
			};
			name = Debug;
		};
		F7292A5E1D17BA0100A68984 /* Release */ = {
			isa = XCBuildConfiguration;
			buildSettings = {
				ALWAYS_SEARCH_USER_PATHS = NO;
				CLANG_ANALYZER_NONNULL = YES;
				CLANG_CXX_LANGUAGE_STANDARD = "gnu++0x";
				CLANG_CXX_LIBRARY = "libc++";
				CLANG_ENABLE_MODULES = YES;
				CLANG_ENABLE_OBJC_ARC = YES;
				CLANG_WARN_BOOL_CONVERSION = YES;
				CLANG_WARN_CONSTANT_CONVERSION = YES;
				CLANG_WARN_DIRECT_OBJC_ISA_USAGE = YES_ERROR;
				CLANG_WARN_EMPTY_BODY = YES;
				CLANG_WARN_ENUM_CONVERSION = YES;
				CLANG_WARN_INT_CONVERSION = YES;
				CLANG_WARN_OBJC_ROOT_CLASS = YES_ERROR;
				CLANG_WARN_UNREACHABLE_CODE = YES;
				CLANG_WARN__DUPLICATE_METHOD_MATCH = YES;
				"CODE_SIGN_IDENTITY[sdk=iphoneos*]" = "iPhone Developer";
				COPY_PHASE_STRIP = NO;
				DEBUG_INFORMATION_FORMAT = "dwarf-with-dsym";
				ENABLE_NS_ASSERTIONS = NO;
				ENABLE_STRICT_OBJC_MSGSEND = YES;
				GCC_C_LANGUAGE_STANDARD = gnu99;
				GCC_NO_COMMON_BLOCKS = YES;
				GCC_WARN_64_TO_32_BIT_CONVERSION = YES;
				GCC_WARN_ABOUT_RETURN_TYPE = YES_ERROR;
				GCC_WARN_UNDECLARED_SELECTOR = YES;
				GCC_WARN_UNINITIALIZED_AUTOS = YES_AGGRESSIVE;
				GCC_WARN_UNUSED_FUNCTION = YES;
				GCC_WARN_UNUSED_VARIABLE = YES;
				IPHONEOS_DEPLOYMENT_TARGET = 9.3;
				MTL_ENABLE_DEBUG_INFO = NO;
				SDKROOT = iphoneos;
				VALIDATE_PRODUCT = YES;
			};
			name = Release;
		};
		F7292A601D17BA0100A68984 /* Debug */ = {
			isa = XCBuildConfiguration;
			buildSettings = {
				ASSETCATALOG_COMPILER_APPICON_NAME = AppIcon;
				INFOPLIST_FILE = CustomDatePicker/Info.plist;
				LD_RUNPATH_SEARCH_PATHS = "$(inherited) @executable_path/Frameworks";
				PRODUCT_BUNDLE_IDENTIFIER = com.chuanglong.CustomDatePicker;
				PRODUCT_NAME = "$(TARGET_NAME)";
			};
			name = Debug;
		};
		F7292A611D17BA0100A68984 /* Release */ = {
			isa = XCBuildConfiguration;
			buildSettings = {
				ASSETCATALOG_COMPILER_APPICON_NAME = AppIcon;
				INFOPLIST_FILE = CustomDatePicker/Info.plist;
				LD_RUNPATH_SEARCH_PATHS = "$(inherited) @executable_path/Frameworks";
				PRODUCT_BUNDLE_IDENTIFIER = com.chuanglong.CustomDatePicker;
				PRODUCT_NAME = "$(TARGET_NAME)";
			};
			name = Release;
		};
/* End XCBuildConfiguration section */

/* Begin XCConfigurationList section */
		F7292A431D17BA0000A68984 /* Build configuration list for PBXProject "CustomDatePicker" */ = {
			isa = XCConfigurationList;
			buildConfigurations = (
				F7292A5D1D17BA0100A68984 /* Debug */,
				F7292A5E1D17BA0100A68984 /* Release */,
			);
			defaultConfigurationIsVisible = 0;
			defaultConfigurationName = Release;
		};
		F7292A5F1D17BA0100A68984 /* Build configuration list for PBXNativeTarget "CustomDatePicker" */ = {
			isa = XCConfigurationList;
			buildConfigurations = (
				F7292A601D17BA0100A68984 /* Debug */,
				F7292A611D17BA0100A68984 /* Release */,
			);
			defaultConfigurationIsVisible = 0;
			defaultConfigurationName = Release;
		};
/* End XCConfigurationList section */
	};
	rootObject = F7292A401D17BA0000A68984 /* Project object */;
}
